
Microsoft Visual Studio Solution File, Format Version 12.00
# Visual Studio Version 17
VisualStudioVersion = 17.10.35013.160
MinimumVisualStudioVersion = 10.0.40219.1
Project("{FAE04EC0-301F-11D3-BF4B-00C04F79EFBC}") = "PracrticalWork 12.0", "PracrticalWork 12.0.csproj", "{0CC4F525-7B8A-4C35-8644-32A1CBFDC806}"
EndProject
Global
	GlobalSection(SolutionConfigurationPlatforms) = preSolution
		Debug|Any CPU = Debug|Any CPU
		Release|Any CPU = Release|Any CPU
	EndGlobalSection
	GlobalSection(ProjectConfigurationPlatforms) = postSolution
		{0CC4F525-7B8A-4C35-8644-32A1CBFDC806}.Debug|Any CPU.ActiveCfg = Debug|Any CPU
		{0CC4F525-7B8A-4C35-8644-32A1CBFDC806}.Debug|Any CPU.Build.0 = Debug|Any CPU
		{0CC4F525-7B8A-4C35-8644-32A1CBFDC806}.Release|Any CPU.ActiveCfg = Release|Any CPU
		{0CC4F525-7B8A-4C35-8644-32A1CBFDC806}.Release|Any CPU.Build.0 = Release|Any CPU
	EndGlobalSection
	GlobalSection(SolutionProperties) = preSolution
		HideSolutionNode = FALSE
	EndGlobalSection
	GlobalSection(ExtensibilityGlobals) = postSolution
		SolutionGuid = {A141D9A7-AC2C-4307-ACBC-F7B562FF0D17}
	EndGlobalSection
EndGlobal
